{
  "nodes": {
    "nixpkgs": {
      "locked": {
        "lastModified": 1701960196,
        "narHash": "sha256-Gjb4GDJ3kZRapyX0IvNE75DqEgQQFImzeavCiX4uaAo=",
        "owner": "NixOS",
        "repo": "nixpkgs",
        "rev": "a562ee539a75db5f564bc818b6a217cf71093fad",
        "type": "github"
      },
      "original": {
        "owner": "NixOS",
        "ref": "release-23.11",
        "repo": "nixpkgs",
        "type": "github"
      }
    },
    "root": {
      "inputs": {
        "nixpkgs": "nixpkgs"
      }
    }
  },
  "root": "root",
  "version": 7
}
